
Microsoft Visual Studio Solution File, Format Version 12.00
# Visual Studio 15
VisualStudioVersion = 15.0.28307.421
MinimumVisualStudioVersion = 10.0.40219.1
Project("{FAE04EC0-301F-11D3-BF4B-00C04F79EFBC}") = "GreedyMatching2", "GreedyMatching2\GreedyMatching2.csproj", "{0D51A1F8-D27B-49BC-A7B9-8D44D676AD3E}"
EndProject
Project("{FAE04EC0-301F-11D3-BF4B-00C04F79EFBC}") = "GreedyMatchingUnitTest", "GreedyMatchingUnitTest\GreedyMatchingUnitTest.csproj", "{F2BD6352-09AE-4286-AB44-DA257C68274F}"
EndProject
Global
	GlobalSection(SolutionConfigurationPlatforms) = preSolution
		Debug|Any CPU = Debug|Any CPU
		Release|Any CPU = Release|Any CPU
	EndGlobalSection
	GlobalSection(ProjectConfigurationPlatforms) = postSolution
		{0D51A1F8-D27B-49BC-A7B9-8D44D676AD3E}.Debug|Any CPU.ActiveCfg = Debug|Any CPU
		{0D51A1F8-D27B-49BC-A7B9-8D44D676AD3E}.Debug|Any CPU.Build.0 = Debug|Any CPU
		{0D51A1F8-D27B-49BC-A7B9-8D44D676AD3E}.Release|Any CPU.ActiveCfg = Release|Any CPU
		{0D51A1F8-D27B-49BC-A7B9-8D44D676AD3E}.Release|Any CPU.Build.0 = Release|Any CPU
		{F2BD6352-09AE-4286-AB44-DA257C68274F}.Debug|Any CPU.ActiveCfg = Debug|Any CPU
		{F2BD6352-09AE-4286-AB44-DA257C68274F}.Debug|Any CPU.Build.0 = Debug|Any CPU
		{F2BD6352-09AE-4286-AB44-DA257C68274F}.Release|Any CPU.ActiveCfg = Release|Any CPU
		{F2BD6352-09AE-4286-AB44-DA257C68274F}.Release|Any CPU.Build.0 = Release|Any CPU
	EndGlobalSection
	GlobalSection(SolutionProperties) = preSolution
		HideSolutionNode = FALSE
	EndGlobalSection
	GlobalSection(ExtensibilityGlobals) = postSolution
		SolutionGuid = {F5A34AD7-9D5C-48EE-8C8B-CBA11E625021}
	EndGlobalSection
EndGlobal
